
Microsoft Visual Studio Solution File, Format Version 12.00
# Visual Studio Version 17
VisualStudioVersion = 17.4.33122.133
MinimumVisualStudioVersion = 10.0.40219.1
Project("{FAE04EC0-301F-11D3-BF4B-00C04F79EFBC}") = "Media", "Media.csproj", "{0E18AFA9-6388-4E15-BB7D-EF80A07A1D18}"
EndProject
Global
	GlobalSection(SolutionConfigurationPlatforms) = preSolution
		Debug|Any CPU = Debug|Any CPU
		Release|Any CPU = Release|Any CPU
	EndGlobalSection
	GlobalSection(ProjectConfigurationPlatforms) = postSolution
		{0E18AFA9-6388-4E15-BB7D-EF80A07A1D18}.Debug|Any CPU.ActiveCfg = Debug|Any CPU
		{0E18AFA9-6388-4E15-BB7D-EF80A07A1D18}.Debug|Any CPU.Build.0 = Debug|Any CPU
		{0E18AFA9-6388-4E15-BB7D-EF80A07A1D18}.Release|Any CPU.ActiveCfg = Release|Any CPU
		{0E18AFA9-6388-4E15-BB7D-EF80A07A1D18}.Release|Any CPU.Build.0 = Release|Any CPU
	EndGlobalSection
	GlobalSection(SolutionProperties) = preSolution
		HideSolutionNode = FALSE
	EndGlobalSection
	GlobalSection(ExtensibilityGlobals) = postSolution
		SolutionGuid = {1EC84E52-B71B-4F1D-B1AF-009D14C5CAE1}
	EndGlobalSection
EndGlobal
